
Microsoft Visual Studio Solution File, Format Version 12.00
# Visual Studio Version 16
VisualStudioVersion = 16.0.30804.86
MinimumVisualStudioVersion = 10.0.40219.1
Project("{9A19103F-16F7-4668-BE54-9A1E7A4F7556}") = "GraphQLSampleAppUI", "GraphQLSampleAppUI\GraphQLSampleAppUI.csproj", "{A7756276-68A6-4C15-A285-D00AB2AA1516}"
EndProject
Global
	GlobalSection(SolutionConfigurationPlatforms) = preSolution
		Debug|Any CPU = Debug|Any CPU
		Release|Any CPU = Release|Any CPU
	EndGlobalSection
	GlobalSection(ProjectConfigurationPlatforms) = postSolution
		{A7756276-68A6-4C15-A285-D00AB2AA1516}.Debug|Any CPU.ActiveCfg = Debug|Any CPU
		{A7756276-68A6-4C15-A285-D00AB2AA1516}.Debug|Any CPU.Build.0 = Debug|Any CPU
		{A7756276-68A6-4C15-A285-D00AB2AA1516}.Release|Any CPU.ActiveCfg = Release|Any CPU
		{A7756276-68A6-4C15-A285-D00AB2AA1516}.Release|Any CPU.Build.0 = Release|Any CPU
	EndGlobalSection
	GlobalSection(SolutionProperties) = preSolution
		HideSolutionNode = FALSE
	EndGlobalSection
	GlobalSection(ExtensibilityGlobals) = postSolution
		SolutionGuid = {997E39EA-EFA3-4E9A-8357-BD276BDA0FCA}
	EndGlobalSection
EndGlobal
